
Microsoft Visual Studio Solution File, Format Version 12.00
# Visual Studio Version 16
VisualStudioVersion = 16.6.30114.105
MinimumVisualStudioVersion = 10.0.40219.1
Project("{FAE04EC0-301F-11D3-BF4B-00C04F79EFBC}") = "PaymentContext.Domain", "PaymentContext.Domain\PaymentContext.Domain.csproj", "{8FA614F2-7DC3-437F-8945-3E86C100E66C}"
EndProject
Project("{FAE04EC0-301F-11D3-BF4B-00C04F79EFBC}") = "PaymentContext.Shared", "PaymentContext.Shared\PaymentContext.Shared.csproj", "{F88D502B-F0AD-406E-BE29-1D18DA3641D5}"
EndProject
Project("{FAE04EC0-301F-11D3-BF4B-00C04F79EFBC}") = "PaymentContext.Tests", "PaymentContext.Tests\PaymentContext.Tests.csproj", "{19D0A0EC-5DEC-411C-98B2-A623249B9EC5}"
EndProject
Global
	GlobalSection(SolutionConfigurationPlatforms) = preSolution
		Debug|Any CPU = Debug|Any CPU
		Debug|x64 = Debug|x64
		Debug|x86 = Debug|x86
		Release|Any CPU = Release|Any CPU
		Release|x64 = Release|x64
		Release|x86 = Release|x86
	EndGlobalSection
	GlobalSection(SolutionProperties) = preSolution
		HideSolutionNode = FALSE
	EndGlobalSection
	GlobalSection(ProjectConfigurationPlatforms) = postSolution
		{8FA614F2-7DC3-437F-8945-3E86C100E66C}.Debug|Any CPU.ActiveCfg = Debug|Any CPU
		{8FA614F2-7DC3-437F-8945-3E86C100E66C}.Debug|Any CPU.Build.0 = Debug|Any CPU
		{8FA614F2-7DC3-437F-8945-3E86C100E66C}.Debug|x64.ActiveCfg = Debug|Any CPU
		{8FA614F2-7DC3-437F-8945-3E86C100E66C}.Debug|x64.Build.0 = Debug|Any CPU
		{8FA614F2-7DC3-437F-8945-3E86C100E66C}.Debug|x86.ActiveCfg = Debug|Any CPU
		{8FA614F2-7DC3-437F-8945-3E86C100E66C}.Debug|x86.Build.0 = Debug|Any CPU
		{8FA614F2-7DC3-437F-8945-3E86C100E66C}.Release|Any CPU.ActiveCfg = Release|Any CPU
		{8FA614F2-7DC3-437F-8945-3E86C100E66C}.Release|Any CPU.Build.0 = Release|Any CPU
		{8FA614F2-7DC3-437F-8945-3E86C100E66C}.Release|x64.ActiveCfg = Release|Any CPU
		{8FA614F2-7DC3-437F-8945-3E86C100E66C}.Release|x64.Build.0 = Release|Any CPU
		{8FA614F2-7DC3-437F-8945-3E86C100E66C}.Release|x86.ActiveCfg = Release|Any CPU
		{8FA614F2-7DC3-437F-8945-3E86C100E66C}.Release|x86.Build.0 = Release|Any CPU
		{F88D502B-F0AD-406E-BE29-1D18DA3641D5}.Debug|Any CPU.ActiveCfg = Debug|Any CPU
		{F88D502B-F0AD-406E-BE29-1D18DA3641D5}.Debug|Any CPU.Build.0 = Debug|Any CPU
		{F88D502B-F0AD-406E-BE29-1D18DA3641D5}.Debug|x64.ActiveCfg = Debug|Any CPU
		{F88D502B-F0AD-406E-BE29-1D18DA3641D5}.Debug|x64.Build.0 = Debug|Any CPU
		{F88D502B-F0AD-406E-BE29-1D18DA3641D5}.Debug|x86.ActiveCfg = Debug|Any CPU
		{F88D502B-F0AD-406E-BE29-1D18DA3641D5}.Debug|x86.Build.0 = Debug|Any CPU
		{F88D502B-F0AD-406E-BE29-1D18DA3641D5}.Release|Any CPU.ActiveCfg = Release|Any CPU
		{F88D502B-F0AD-406E-BE29-1D18DA3641D5}.Release|Any CPU.Build.0 = Release|Any CPU
		{F88D502B-F0AD-406E-BE29-1D18DA3641D5}.Release|x64.ActiveCfg = Release|Any CPU
		{F88D502B-F0AD-406E-BE29-1D18DA3641D5}.Release|x64.Build.0 = Release|Any CPU
		{F88D502B-F0AD-406E-BE29-1D18DA3641D5}.Release|x86.ActiveCfg = Release|Any CPU
		{F88D502B-F0AD-406E-BE29-1D18DA3641D5}.Release|x86.Build.0 = Release|Any CPU
		{19D0A0EC-5DEC-411C-98B2-A623249B9EC5}.Debug|Any CPU.ActiveCfg = Debug|Any CPU
		{19D0A0EC-5DEC-411C-98B2-A623249B9EC5}.Debug|Any CPU.Build.0 = Debug|Any CPU
		{19D0A0EC-5DEC-411C-98B2-A623249B9EC5}.Debug|x64.ActiveCfg = Debug|Any CPU
		{19D0A0EC-5DEC-411C-98B2-A623249B9EC5}.Debug|x64.Build.0 = Debug|Any CPU
		{19D0A0EC-5DEC-411C-98B2-A623249B9EC5}.Debug|x86.ActiveCfg = Debug|Any CPU
		{19D0A0EC-5DEC-411C-98B2-A623249B9EC5}.Debug|x86.Build.0 = Debug|Any CPU
		{19D0A0EC-5DEC-411C-98B2-A623249B9EC5}.Release|Any CPU.ActiveCfg = Release|Any CPU
		{19D0A0EC-5DEC-411C-98B2-A623249B9EC5}.Release|Any CPU.Build.0 = Release|Any CPU
		{19D0A0EC-5DEC-411C-98B2-A623249B9EC5}.Release|x64.ActiveCfg = Release|Any CPU
		{19D0A0EC-5DEC-411C-98B2-A623249B9EC5}.Release|x64.Build.0 = Release|Any CPU
		{19D0A0EC-5DEC-411C-98B2-A623249B9EC5}.Release|x86.ActiveCfg = Release|Any CPU
		{19D0A0EC-5DEC-411C-98B2-A623249B9EC5}.Release|x86.Build.0 = Release|Any CPU
	EndGlobalSection
EndGlobal
